
Microsoft Visual Studio Solution File, Format Version 12.00
# Visual Studio Version 16
VisualStudioVersion = 16.0.31112.23
MinimumVisualStudioVersion = 10.0.40219.1
Project("{9A19103F-16F7-4668-BE54-9A1E7A4F7556}") = "ASPCoreMVCRepoDB", "ASPCoreMVCRepoDB\ASPCoreMVCRepoDB.csproj", "{86833954-3D9B-4890-B03B-D889C5025A6C}"
EndProject
Project("{2150E333-8FDC-42A3-9474-1A3956D46DE8}") = "Solution Items", "Solution Items", "{BB564707-C9BD-41B1-95A6-811F4F401953}"
	ProjectSection(SolutionItems) = preProject
		DBScript.txt = DBScript.txt
	EndProjectSection
EndProject
Global
	GlobalSection(SolutionConfigurationPlatforms) = preSolution
		Debug|Any CPU = Debug|Any CPU
		Release|Any CPU = Release|Any CPU
	EndGlobalSection
	GlobalSection(ProjectConfigurationPlatforms) = postSolution
		{86833954-3D9B-4890-B03B-D889C5025A6C}.Debug|Any CPU.ActiveCfg = Debug|Any CPU
		{86833954-3D9B-4890-B03B-D889C5025A6C}.Debug|Any CPU.Build.0 = Debug|Any CPU
		{86833954-3D9B-4890-B03B-D889C5025A6C}.Release|Any CPU.ActiveCfg = Release|Any CPU
		{86833954-3D9B-4890-B03B-D889C5025A6C}.Release|Any CPU.Build.0 = Release|Any CPU
	EndGlobalSection
	GlobalSection(SolutionProperties) = preSolution
		HideSolutionNode = FALSE
	EndGlobalSection
	GlobalSection(ExtensibilityGlobals) = postSolution
		SolutionGuid = {D14AEB13-909B-44F8-A39A-F76131131857}
	EndGlobalSection
EndGlobal
